
Microsoft Visual Studio Solution File, Format Version 12.00
# Visual Studio 15
VisualStudioVersion = 15.0.28307.168
MinimumVisualStudioVersion = 10.0.40219.1
Project("{FAE04EC0-301F-11D3-BF4B-00C04F79EFBC}") = "Conditions-Exercice-5", "Conditions-Exercice-5\Conditions-Exercice-5.csproj", "{CCC628DB-C1C4-4883-832B-2948A1F5646A}"
EndProject
Global
	GlobalSection(SolutionConfigurationPlatforms) = preSolution
		Debug|Any CPU = Debug|Any CPU
		Release|Any CPU = Release|Any CPU
	EndGlobalSection
	GlobalSection(ProjectConfigurationPlatforms) = postSolution
		{CCC628DB-C1C4-4883-832B-2948A1F5646A}.Debug|Any CPU.ActiveCfg = Debug|Any CPU
		{CCC628DB-C1C4-4883-832B-2948A1F5646A}.Debug|Any CPU.Build.0 = Debug|Any CPU
		{CCC628DB-C1C4-4883-832B-2948A1F5646A}.Release|Any CPU.ActiveCfg = Release|Any CPU
		{CCC628DB-C1C4-4883-832B-2948A1F5646A}.Release|Any CPU.Build.0 = Release|Any CPU
	EndGlobalSection
	GlobalSection(SolutionProperties) = preSolution
		HideSolutionNode = FALSE
	EndGlobalSection
	GlobalSection(ExtensibilityGlobals) = postSolution
		SolutionGuid = {5DC7A329-6FCE-4BCF-AF15-63B3335C3D43}
	EndGlobalSection
EndGlobal
